{
    "_readme": [
        "This file locks the dependencies of your project to a known state",
        "Read more about it at https://getcomposer.org/doc/01-basic-usage.md#installing-dependencies",
        "This file is @generated automatically"
    ],
    "content-hash": "f52ff8130f4abd49f4477fa7960efb1a",
    "packages": [
        {
            "name": "icecave/isolator",
            "version": "2.3.0",
            "source": {
                "type": "git",
                "url": "https://github.com/icecave/isolator.git",
                "reference": "97c51fafa39c57a8f1a31f978a48fbe6cea4a5d5"
            },
            "dist": {
                "type": "zip",
                "url": "https://api.github.com/repos/icecave/isolator/zipball/97c51fafa39c57a8f1a31f978a48fbe6cea4a5d5",
                "reference": "97c51fafa39c57a8f1a31f978a48fbe6cea4a5d5",
                "shasum": ""
            },
            "require": {
                "php": ">=5.3"
            },
            "require-dev": {
                "icecave/archer": "~1"
            },
            "suggest": {
                "eloquent/asplode": "Drop-in exception-based error handling."
            },
            "type": "library",
            "autoload": {
                "psr-4": {
                    "Icecave\\Isolator\\": "src"
                }
            },
            "notification-url": "https://packagist.org/downloads/",
            "license": [
                "MIT"
            ],
            "authors": [
                {
                    "name": "James Harris",
                    "email": "james.harris@icecave.com.au",
                    "homepage": "https://github.com/jmalloc"
                }
            ],
            "description": "Dependency injection for global functions.",
            "homepage": "https://github.com/IcecaveStudios/isolator",
            "keywords": [
                "fake",
                "mock",
                "phake",
                "phpunit",
                "test",
                "unit"
            ],
            "time": "2014-08-12T03:16:11+00:00"
        }
    ],
    "packages-dev": [
        {
            "name": "eloquent/liberator",
            "version": "2.0.0",
            "source": {
                "type": "git",
                "url": "https://github.com/eloquent/liberator.git",
                "reference": "8d71b1ff4794b09fc7d0e205ee994780412d3a1f"
            },
            "dist": {
                "type": "zip",
                "url": "https://api.github.com/repos/eloquent/liberator/zipball/8d71b1ff4794b09fc7d0e205ee994780412d3a1f",
                "reference": "8d71b1ff4794b09fc7d0e205ee994780412d3a1f",
                "shasum": ""
            },
            "require": {
                "eloquent/pops": "~4.1.0",
                "php": ">=5.3"
            },
            "require-dev": {
                "icecave/archer": "~1"
            },
            "type": "library",
            "autoload": {
                "psr-4": {
                    "Eloquent\\Liberator\\": "src"
                }
            },
            "notification-url": "https://packagist.org/downloads/",
            "license": [
                "MIT"
            ],
            "authors": [
                {
                    "name": "Erin Millard",
                    "email": "ezzatron@gmail.com",
                    "homepage": "http://ezzatron.com/"
                }
            ],
            "description": "A proxy for circumventing PHP access modifier restrictions.",
            "homepage": "https://github.com/eloquent/liberator",
            "keywords": [
                "access",
                "modifier",
                "object",
                "private",
                "protected",
                "proxy",
                "reflection"
            ],
            "time": "2014-02-09T12:27:12+00:00"
        },
        {
            "name": "eloquent/pops",
            "version": "4.1.0",
            "source": {
                "type": "git",
                "url": "https://github.com/eloquent/pops.git",
                "reference": "80dbee5422347dc581d38ade92001509dce34926"
            },
            "dist": {
                "type": "zip",
                "url": "https://api.github.com/repos/eloquent/pops/zipball/80dbee5422347dc581d38ade92001509dce34926",
                "reference": "80dbee5422347dc581d38ade92001509dce34926",
                "shasum": ""
            },
            "require": {
                "php": ">=5.3"
            },
            "require-dev": {
                "icecave/archer": "~1"
            },
            "type": "library",
            "autoload": {
                "psr-4": {
                    "Eloquent\\Pops\\": "src"
                }
            },
            "notification-url": "https://packagist.org/downloads/",
            "license": [
                "MIT"
            ],
            "authors": [
                {
                    "name": "Erin Millard",
                    "email": "ezzatron@gmail.com",
                    "homepage": "http://ezzatron.com/"
                }
            ],
            "description": "PHP object proxy system.",
            "homepage": "https://github.com/eloquent/pops",
            "keywords": [
                "method",
                "object",
                "property",
                "proxy"
            ],
            "time": "2014-02-09T10:09:42+00:00"
        }
    ],
    "aliases": [],
    "minimum-stability": "stable",
    "stability-flags": [],
    "prefer-stable": false,
    "prefer-lowest": false,
    "platform": {
        "php": ">=5.3",
        "ext-mbstring": "*"
    },
    "platform-dev": []
}
